
Microsoft Visual Studio Solution File, Format Version 12.00
# Visual Studio Version 17
VisualStudioVersion = 17.5.002.0
MinimumVisualStudioVersion = 10.0.40219.1
Project("{9A19103F-16F7-4668-BE54-9A1E7A4F7556}") = "SalaryCalculationAPI", "SalaryCalculationAPI.csproj", "{52A933CD-591E-48DC-81B3-5FF3097AE4BF}"
EndProject
Global
	GlobalSection(SolutionConfigurationPlatforms) = preSolution
		Debug|Any CPU = Debug|Any CPU
		Release|Any CPU = Release|Any CPU
	EndGlobalSection
	GlobalSection(ProjectConfigurationPlatforms) = postSolution
		{52A933CD-591E-48DC-81B3-5FF3097AE4BF}.Debug|Any CPU.ActiveCfg = Debug|Any CPU
		{52A933CD-591E-48DC-81B3-5FF3097AE4BF}.Debug|Any CPU.Build.0 = Debug|Any CPU
		{52A933CD-591E-48DC-81B3-5FF3097AE4BF}.Release|Any CPU.ActiveCfg = Release|Any CPU
		{52A933CD-591E-48DC-81B3-5FF3097AE4BF}.Release|Any CPU.Build.0 = Release|Any CPU
	EndGlobalSection
	GlobalSection(SolutionProperties) = preSolution
		HideSolutionNode = FALSE
	EndGlobalSection
	GlobalSection(ExtensibilityGlobals) = postSolution
		SolutionGuid = {EB450EE1-A2F7-47C9-8505-6C89B7194B5D}
	EndGlobalSection
EndGlobal
